
Microsoft Visual Studio Solution File, Format Version 12.00
# Visual Studio Version 16
VisualStudioVersion = 16.0.30011.22
MinimumVisualStudioVersion = 10.0.40219.1
Project("{FAE04EC0-301F-11D3-BF4B-00C04F79EFBC}") = "Teatru", "Teatru\Teatru.csproj", "{FEDF00EC-45DE-4724-9E69-AE5EC08F5E05}"
EndProject
Global
	GlobalSection(SolutionConfigurationPlatforms) = preSolution
		Debug|Any CPU = Debug|Any CPU
		Release|Any CPU = Release|Any CPU
	EndGlobalSection
	GlobalSection(ProjectConfigurationPlatforms) = postSolution
		{FEDF00EC-45DE-4724-9E69-AE5EC08F5E05}.Debug|Any CPU.ActiveCfg = Debug|Any CPU
		{FEDF00EC-45DE-4724-9E69-AE5EC08F5E05}.Debug|Any CPU.Build.0 = Debug|Any CPU
		{FEDF00EC-45DE-4724-9E69-AE5EC08F5E05}.Release|Any CPU.ActiveCfg = Release|Any CPU
		{FEDF00EC-45DE-4724-9E69-AE5EC08F5E05}.Release|Any CPU.Build.0 = Release|Any CPU
	EndGlobalSection
	GlobalSection(SolutionProperties) = preSolution
		HideSolutionNode = FALSE
	EndGlobalSection
	GlobalSection(ExtensibilityGlobals) = postSolution
		SolutionGuid = {CAEB937B-54F9-4AD3-9B75-3EA219513AB8}
	EndGlobalSection
EndGlobal
