
Microsoft Visual Studio Solution File, Format Version 12.00
# Visual Studio Version 16
VisualStudioVersion = 16.0.30011.22
MinimumVisualStudioVersion = 10.0.40219.1
Project("{FAE04EC0-301F-11D3-BF4B-00C04F79EFBC}") = "Biblioteca", "Biblioteca.csproj", "{301FDB64-D013-4B83-9D8D-BDCA387C403F}"
EndProject
Global
	GlobalSection(SolutionConfigurationPlatforms) = preSolution
		Debug|Any CPU = Debug|Any CPU
		Release|Any CPU = Release|Any CPU
	EndGlobalSection
	GlobalSection(ProjectConfigurationPlatforms) = postSolution
		{301FDB64-D013-4B83-9D8D-BDCA387C403F}.Debug|Any CPU.ActiveCfg = Debug|Any CPU
		{301FDB64-D013-4B83-9D8D-BDCA387C403F}.Debug|Any CPU.Build.0 = Debug|Any CPU
		{301FDB64-D013-4B83-9D8D-BDCA387C403F}.Release|Any CPU.ActiveCfg = Release|Any CPU
		{301FDB64-D013-4B83-9D8D-BDCA387C403F}.Release|Any CPU.Build.0 = Release|Any CPU
	EndGlobalSection
	GlobalSection(SolutionProperties) = preSolution
		HideSolutionNode = FALSE
	EndGlobalSection
	GlobalSection(ExtensibilityGlobals) = postSolution
		SolutionGuid = {E758652A-CF1C-406E-85AA-EE35AE22D658}
	EndGlobalSection
EndGlobal
