
Microsoft Visual Studio Solution File, Format Version 12.00
# Visual Studio Version 16
VisualStudioVersion = 16.0.30011.22
MinimumVisualStudioVersion = 10.0.40219.1
Project("{FAE04EC0-301F-11D3-BF4B-00C04F79EFBC}") = "Companie", "Companie\Companie.csproj", "{67557C91-045D-4907-85A2-2E0FE6BDE593}"
EndProject
Global
	GlobalSection(SolutionConfigurationPlatforms) = preSolution
		Debug|Any CPU = Debug|Any CPU
		Release|Any CPU = Release|Any CPU
	EndGlobalSection
	GlobalSection(ProjectConfigurationPlatforms) = postSolution
		{67557C91-045D-4907-85A2-2E0FE6BDE593}.Debug|Any CPU.ActiveCfg = Debug|Any CPU
		{67557C91-045D-4907-85A2-2E0FE6BDE593}.Debug|Any CPU.Build.0 = Debug|Any CPU
		{67557C91-045D-4907-85A2-2E0FE6BDE593}.Release|Any CPU.ActiveCfg = Release|Any CPU
		{67557C91-045D-4907-85A2-2E0FE6BDE593}.Release|Any CPU.Build.0 = Release|Any CPU
	EndGlobalSection
	GlobalSection(SolutionProperties) = preSolution
		HideSolutionNode = FALSE
	EndGlobalSection
	GlobalSection(ExtensibilityGlobals) = postSolution
		SolutionGuid = {0030E1CC-DEEA-4A7A-99AC-C741C2E0F7EA}
	EndGlobalSection
EndGlobal
