
Microsoft Visual Studio Solution File, Format Version 12.00
# Visual Studio Version 16
VisualStudioVersion = 16.0.30011.22
MinimumVisualStudioVersion = 10.0.40219.1
Project("{FAE04EC0-301F-11D3-BF4B-00C04F79EFBC}") = "WpfAppExample", "WpfAppExample\WpfAppExample.csproj", "{7143D7C5-B51E-49A4-A713-D0B0AE6FC70D}"
EndProject
Global
	GlobalSection(SolutionConfigurationPlatforms) = preSolution
		Debug|Any CPU = Debug|Any CPU
		Release|Any CPU = Release|Any CPU
	EndGlobalSection
	GlobalSection(ProjectConfigurationPlatforms) = postSolution
		{7143D7C5-B51E-49A4-A713-D0B0AE6FC70D}.Debug|Any CPU.ActiveCfg = Debug|Any CPU
		{7143D7C5-B51E-49A4-A713-D0B0AE6FC70D}.Debug|Any CPU.Build.0 = Debug|Any CPU
		{7143D7C5-B51E-49A4-A713-D0B0AE6FC70D}.Release|Any CPU.ActiveCfg = Release|Any CPU
		{7143D7C5-B51E-49A4-A713-D0B0AE6FC70D}.Release|Any CPU.Build.0 = Release|Any CPU
	EndGlobalSection
	GlobalSection(SolutionProperties) = preSolution
		HideSolutionNode = FALSE
	EndGlobalSection
	GlobalSection(ExtensibilityGlobals) = postSolution
		SolutionGuid = {050B3947-433F-4224-AE49-8BF5E4880748}
	EndGlobalSection
EndGlobal
