
Microsoft Visual Studio Solution File, Format Version 12.00
# Visual Studio Version 16
VisualStudioVersion = 16.0.30011.22
MinimumVisualStudioVersion = 10.0.40219.1
Project("{FAE04EC0-301F-11D3-BF4B-00C04F79EFBC}") = "FiguriGeometrice", "FiguriGeometrice\FiguriGeometrice.csproj", "{B95F7E7C-F1C9-4B88-8C5D-0BFB1E8AAFDA}"
EndProject
Global
	GlobalSection(SolutionConfigurationPlatforms) = preSolution
		Debug|Any CPU = Debug|Any CPU
		Release|Any CPU = Release|Any CPU
	EndGlobalSection
	GlobalSection(ProjectConfigurationPlatforms) = postSolution
		{B95F7E7C-F1C9-4B88-8C5D-0BFB1E8AAFDA}.Debug|Any CPU.ActiveCfg = Debug|Any CPU
		{B95F7E7C-F1C9-4B88-8C5D-0BFB1E8AAFDA}.Debug|Any CPU.Build.0 = Debug|Any CPU
		{B95F7E7C-F1C9-4B88-8C5D-0BFB1E8AAFDA}.Release|Any CPU.ActiveCfg = Release|Any CPU
		{B95F7E7C-F1C9-4B88-8C5D-0BFB1E8AAFDA}.Release|Any CPU.Build.0 = Release|Any CPU
	EndGlobalSection
	GlobalSection(SolutionProperties) = preSolution
		HideSolutionNode = FALSE
	EndGlobalSection
	GlobalSection(ExtensibilityGlobals) = postSolution
		SolutionGuid = {FD862D47-4664-4CF8-8398-85D84A48805E}
	EndGlobalSection
EndGlobal
