
Microsoft Visual Studio Solution File, Format Version 12.00
# Visual Studio Version 16
VisualStudioVersion = 16.0.30011.22
MinimumVisualStudioVersion = 10.0.40219.1
Project("{FAE04EC0-301F-11D3-BF4B-00C04F79EFBC}") = "Companie", "Companie\Companie.csproj", "{5DB9DAE1-E081-4FF8-8EE1-16CF9999331B}"
EndProject
Global
	GlobalSection(SolutionConfigurationPlatforms) = preSolution
		Debug|Any CPU = Debug|Any CPU
		Release|Any CPU = Release|Any CPU
	EndGlobalSection
	GlobalSection(ProjectConfigurationPlatforms) = postSolution
		{5DB9DAE1-E081-4FF8-8EE1-16CF9999331B}.Debug|Any CPU.ActiveCfg = Debug|Any CPU
		{5DB9DAE1-E081-4FF8-8EE1-16CF9999331B}.Debug|Any CPU.Build.0 = Debug|Any CPU
		{5DB9DAE1-E081-4FF8-8EE1-16CF9999331B}.Release|Any CPU.ActiveCfg = Release|Any CPU
		{5DB9DAE1-E081-4FF8-8EE1-16CF9999331B}.Release|Any CPU.Build.0 = Release|Any CPU
	EndGlobalSection
	GlobalSection(SolutionProperties) = preSolution
		HideSolutionNode = FALSE
	EndGlobalSection
	GlobalSection(ExtensibilityGlobals) = postSolution
		SolutionGuid = {4E53D4EF-C311-4108-9900-1A65AC23BB64}
	EndGlobalSection
EndGlobal
