
Microsoft Visual Studio Solution File, Format Version 12.00
# Visual Studio Version 16
VisualStudioVersion = 16.0.30011.22
MinimumVisualStudioVersion = 10.0.40219.1
Project("{FAE04EC0-301F-11D3-BF4B-00C04F79EFBC}") = "TemaL10Operatii", "TemaL10Operatii\TemaL10Operatii.csproj", "{8BCA4668-4AB5-403C-9CE7-8F71379635A1}"
EndProject
Global
	GlobalSection(SolutionConfigurationPlatforms) = preSolution
		Debug|Any CPU = Debug|Any CPU
		Release|Any CPU = Release|Any CPU
	EndGlobalSection
	GlobalSection(ProjectConfigurationPlatforms) = postSolution
		{8BCA4668-4AB5-403C-9CE7-8F71379635A1}.Debug|Any CPU.ActiveCfg = Debug|Any CPU
		{8BCA4668-4AB5-403C-9CE7-8F71379635A1}.Debug|Any CPU.Build.0 = Debug|Any CPU
		{8BCA4668-4AB5-403C-9CE7-8F71379635A1}.Release|Any CPU.ActiveCfg = Release|Any CPU
		{8BCA4668-4AB5-403C-9CE7-8F71379635A1}.Release|Any CPU.Build.0 = Release|Any CPU
	EndGlobalSection
	GlobalSection(SolutionProperties) = preSolution
		HideSolutionNode = FALSE
	EndGlobalSection
	GlobalSection(ExtensibilityGlobals) = postSolution
		SolutionGuid = {8B68B6DB-8774-458E-98C7-F9811E6008E5}
	EndGlobalSection
EndGlobal
