
Microsoft Visual Studio Solution File, Format Version 12.00
# Visual Studio Version 16
VisualStudioVersion = 16.0.30011.22
MinimumVisualStudioVersion = 10.0.40219.1
Project("{FAE04EC0-301F-11D3-BF4B-00C04F79EFBC}") = "Biblioteca2.0", "Biblioteca2.0\Biblioteca2.0.csproj", "{2226C973-6B62-410A-852C-D2BB5C22AA65}"
EndProject
Global
	GlobalSection(SolutionConfigurationPlatforms) = preSolution
		Debug|Any CPU = Debug|Any CPU
		Release|Any CPU = Release|Any CPU
	EndGlobalSection
	GlobalSection(ProjectConfigurationPlatforms) = postSolution
		{2226C973-6B62-410A-852C-D2BB5C22AA65}.Debug|Any CPU.ActiveCfg = Debug|Any CPU
		{2226C973-6B62-410A-852C-D2BB5C22AA65}.Debug|Any CPU.Build.0 = Debug|Any CPU
		{2226C973-6B62-410A-852C-D2BB5C22AA65}.Release|Any CPU.ActiveCfg = Release|Any CPU
		{2226C973-6B62-410A-852C-D2BB5C22AA65}.Release|Any CPU.Build.0 = Release|Any CPU
	EndGlobalSection
	GlobalSection(SolutionProperties) = preSolution
		HideSolutionNode = FALSE
	EndGlobalSection
	GlobalSection(ExtensibilityGlobals) = postSolution
		SolutionGuid = {77C65753-E218-4F21-B837-20C828EFE294}
	EndGlobalSection
EndGlobal
