
Microsoft Visual Studio Solution File, Format Version 12.00
# Visual Studio Version 16
VisualStudioVersion = 16.0.30011.22
MinimumVisualStudioVersion = 10.0.40219.1
Project("{FAE04EC0-301F-11D3-BF4B-00C04F79EFBC}") = "Companie", "Companie.csproj", "{70D2CE27-6FC7-46D0-B89B-E41CF26A4C99}"
EndProject
Global
	GlobalSection(SolutionConfigurationPlatforms) = preSolution
		Debug|Any CPU = Debug|Any CPU
		Release|Any CPU = Release|Any CPU
	EndGlobalSection
	GlobalSection(ProjectConfigurationPlatforms) = postSolution
		{70D2CE27-6FC7-46D0-B89B-E41CF26A4C99}.Debug|Any CPU.ActiveCfg = Debug|Any CPU
		{70D2CE27-6FC7-46D0-B89B-E41CF26A4C99}.Debug|Any CPU.Build.0 = Debug|Any CPU
		{70D2CE27-6FC7-46D0-B89B-E41CF26A4C99}.Release|Any CPU.ActiveCfg = Release|Any CPU
		{70D2CE27-6FC7-46D0-B89B-E41CF26A4C99}.Release|Any CPU.Build.0 = Release|Any CPU
	EndGlobalSection
	GlobalSection(SolutionProperties) = preSolution
		HideSolutionNode = FALSE
	EndGlobalSection
	GlobalSection(ExtensibilityGlobals) = postSolution
		SolutionGuid = {48F26A73-6347-4CF0-AFCA-C55A0C1FFEEC}
	EndGlobalSection
EndGlobal
