
Microsoft Visual Studio Solution File, Format Version 12.00
# Visual Studio Version 16
VisualStudioVersion = 16.0.30011.22
MinimumVisualStudioVersion = 10.0.40219.1
Project("{FAE04EC0-301F-11D3-BF4B-00C04F79EFBC}") = "TemaFunctii", "TemaFunctii\TemaFunctii.csproj", "{C2EE566A-4C59-41FF-A8C5-0D7D0C95E2ED}"
EndProject
Global
	GlobalSection(SolutionConfigurationPlatforms) = preSolution
		Debug|Any CPU = Debug|Any CPU
		Release|Any CPU = Release|Any CPU
	EndGlobalSection
	GlobalSection(ProjectConfigurationPlatforms) = postSolution
		{C2EE566A-4C59-41FF-A8C5-0D7D0C95E2ED}.Debug|Any CPU.ActiveCfg = Debug|Any CPU
		{C2EE566A-4C59-41FF-A8C5-0D7D0C95E2ED}.Debug|Any CPU.Build.0 = Debug|Any CPU
		{C2EE566A-4C59-41FF-A8C5-0D7D0C95E2ED}.Release|Any CPU.ActiveCfg = Release|Any CPU
		{C2EE566A-4C59-41FF-A8C5-0D7D0C95E2ED}.Release|Any CPU.Build.0 = Release|Any CPU
	EndGlobalSection
	GlobalSection(SolutionProperties) = preSolution
		HideSolutionNode = FALSE
	EndGlobalSection
	GlobalSection(ExtensibilityGlobals) = postSolution
		SolutionGuid = {70BEFD2D-825E-475C-9453-6553788B7AB5}
	EndGlobalSection
EndGlobal
